
Microsoft Visual Studio Solution File, Format Version 12.00
# Visual Studio 15
VisualStudioVersion = 15.0.28307.779
MinimumVisualStudioVersion = 10.0.40219.1
Project("{FAE04EC0-301F-11D3-BF4B-00C04F79EFBC}") = "LinkShorter", "LinkShorter\LinkShorter.csproj", "{CC983C3C-1C38-4C3F-8386-192F4E41F9E7}"
EndProject
Global
	GlobalSection(SolutionConfigurationPlatforms) = preSolution
		Debug|Any CPU = Debug|Any CPU
		Release|Any CPU = Release|Any CPU
	EndGlobalSection
	GlobalSection(ProjectConfigurationPlatforms) = postSolution
		{CC983C3C-1C38-4C3F-8386-192F4E41F9E7}.Debug|Any CPU.ActiveCfg = Debug|Any CPU
		{CC983C3C-1C38-4C3F-8386-192F4E41F9E7}.Debug|Any CPU.Build.0 = Debug|Any CPU
		{CC983C3C-1C38-4C3F-8386-192F4E41F9E7}.Release|Any CPU.ActiveCfg = Release|Any CPU
		{CC983C3C-1C38-4C3F-8386-192F4E41F9E7}.Release|Any CPU.Build.0 = Release|Any CPU
	EndGlobalSection
	GlobalSection(SolutionProperties) = preSolution
		HideSolutionNode = FALSE
	EndGlobalSection
	GlobalSection(ExtensibilityGlobals) = postSolution
		SolutionGuid = {2F9B4C58-6C6A-48D7-80AE-DF0FEC1D5668}
	EndGlobalSection
EndGlobal
